{
  "nodes": {
    "nixpkgs": {
      "locked": {
        "lastModified": 1781607440,
        "narHash": "sha256-rxO+uc/KFbSJp+pgyXRuAX6QlG9hJdnt0BXpEQRXY+U=",
        "owner": "NixOS",
        "repo": "nixpkgs",
        "rev": "3e41b24abd260e8f71dbe2f5737d24122f972158",
        "type": "github"
      },
      "original": {
        "owner": "NixOS",
        "ref": "nixpkgs-unstable",
        "repo": "nixpkgs",
        "type": "github"
      }
    },
    "root": {
      "inputs": {
        "nixpkgs": "nixpkgs",
        "rustsec-advisory-db": "rustsec-advisory-db",
        "treefmt-nix": "treefmt-nix"
      }
    },
    "rustsec-advisory-db": {
      "flake": false,
      "locked": {
        "lastModified": 1781704220,
        "narHash": "sha256-iVS8BzftK5Vu2v/hZggTJgC71JwqJVVAr1mO76rvOTs=",
        "owner": "RustSec",
        "repo": "advisory-db",
        "rev": "aa90516a25637b1a66c677e86542a03a6261d0f8",
        "type": "github"
      },
      "original": {
        "owner": "RustSec",
        "repo": "advisory-db",
        "type": "github"
      }
    },
    "treefmt-nix": {
      "inputs": {
        "nixpkgs": [
          "nixpkgs"
        ]
      },
      "locked": {
        "lastModified": 1780220602,
        "narHash": "sha256-eynAfOmbmxJnkp7YewvCEbShNnnYJ9gLLqkzsYtBPeM=",
        "owner": "numtide",
        "repo": "treefmt-nix",
        "rev": "db947814a175b7ca6ded66e21383d938df01c227",
        "type": "github"
      },
      "original": {
        "owner": "numtide",
        "repo": "treefmt-nix",
        "type": "github"
      }
    }
  },
  "root": "root",
  "version": 7
}
